// !$*UTF8*$!
{
	archiveVersion = 1;
	classes = {
	};
	objectVersion = 46;
	objects = {

/* Begin PBXBuildFile section */
		CC96CC801C7A9B8200C6B0CC /* AppDelegate.swift in Sources */ = {isa = PBXBuildFile; fileRef = CC96CC7F1C7A9B8200C6B0CC /* AppDelegate.swift */; };
		CC96CC821C7A9B8200C6B0CC /* ViewController.swift in Sources */ = {isa = PBXBuildFile; fileRef = CC96CC811C7A9B8200C6B0CC /* ViewController.swift */; };
		CC96CC851C7A9B8200C6B0CC /* Main.storyboard in Resources */ = {isa = PBXBuildFile; fileRef = CC96CC831C7A9B8200C6B0CC /* Main.storyboard */; };
		CC96CC871C7A9B8200C6B0CC /* Assets.xcassets in Resources */ = {isa = PBXBuildFile; fileRef = CC96CC861C7A9B8200C6B0CC /* Assets.xcassets */; };
		CC96CC8A1C7A9B8200C6B0CC /* LaunchScreen.storyboard in Resources */ = {isa = PBXBuildFile; fileRef = CC96CC881C7A9B8200C6B0CC /* LaunchScreen.storyboard */; };
		CC96CCB01C7AD76100C6B0CC /* TabBarViewController.swift in Sources */ = {isa = PBXBuildFile; fileRef = CC96CCAF1C7AD76100C6B0CC /* TabBarViewController.swift */; };
		CC96CCB21C7ADCBD00C6B0CC /* HomeViewController.swift in Sources */ = {isa = PBXBuildFile; fileRef = CC96CCB11C7ADCBD00C6B0CC /* HomeViewController.swift */; };
		CC96CCB41C7ADCE600C6B0CC /* SearchViewController.swift in Sources */ = {isa = PBXBuildFile; fileRef = CC96CCB31C7ADCE600C6B0CC /* SearchViewController.swift */; };
		CC96CCB61C7ADD2F00C6B0CC /* ComposeViewController.swift in Sources */ = {isa = PBXBuildFile; fileRef = CC96CCB51C7ADD2F00C6B0CC /* ComposeViewController.swift */; };
		CC96CCB81C7AE01700C6B0CC /* AccountViewController.swift in Sources */ = {isa = PBXBuildFile; fileRef = CC96CCB71C7AE01700C6B0CC /* AccountViewController.swift */; };
		CC96CCBA1C7AE06100C6B0CC /* TrendingViewController.swift in Sources */ = {isa = PBXBuildFile; fileRef = CC96CCB91C7AE06100C6B0CC /* TrendingViewController.swift */; };
/* End PBXBuildFile section */

/* Begin PBXFileReference section */
		CC96CC7C1C7A9B8200C6B0CC /* Tumblr.app */ = {isa = PBXFileReference; explicitFileType = wrapper.application; includeInIndex = 0; path = Tumblr.app; sourceTree = BUILT_PRODUCTS_DIR; };
		CC96CC7F1C7A9B8200C6B0CC /* AppDelegate.swift */ = {isa = PBXFileReference; lastKnownFileType = sourcecode.swift; path = AppDelegate.swift; sourceTree = "<group>"; };
		CC96CC811C7A9B8200C6B0CC /* ViewController.swift */ = {isa = PBXFileReference; lastKnownFileType = sourcecode.swift; path = ViewController.swift; sourceTree = "<group>"; };
		CC96CC841C7A9B8200C6B0CC /* Base */ = {isa = PBXFileReference; lastKnownFileType = file.storyboard; name = Base; path = Base.lproj/Main.storyboard; sourceTree = "<group>"; };
		CC96CC861C7A9B8200C6B0CC /* Assets.xcassets */ = {isa = PBXFileReference; lastKnownFileType = folder.assetcatalog; path = Assets.xcassets; sourceTree = "<group>"; };
		CC96CC891C7A9B8200C6B0CC /* Base */ = {isa = PBXFileReference; lastKnownFileType = file.storyboard; name = Base; path = Base.lproj/LaunchScreen.storyboard; sourceTree = "<group>"; };
		CC96CC8B1C7A9B8200C6B0CC /* Info.plist */ = {isa = PBXFileReference; lastKnownFileType = text.plist.xml; path = Info.plist; sourceTree = "<group>"; };
		CC96CCAF1C7AD76100C6B0CC /* TabBarViewController.swift */ = {isa = PBXFileReference; fileEncoding = 4; lastKnownFileType = sourcecode.swift; path = TabBarViewController.swift; sourceTree = "<group>"; };
		CC96CCB11C7ADCBD00C6B0CC /* HomeViewController.swift */ = {isa = PBXFileReference; fileEncoding = 4; lastKnownFileType = sourcecode.swift; path = HomeViewController.swift; sourceTree = "<group>"; };
		CC96CCB31C7ADCE600C6B0CC /* SearchViewController.swift */ = {isa = PBXFileReference; fileEncoding = 4; lastKnownFileType = sourcecode.swift; path = SearchViewController.swift; sourceTree = "<group>"; };
		CC96CCB51C7ADD2F00C6B0CC /* ComposeViewController.swift */ = {isa = PBXFileReference; fileEncoding = 4; lastKnownFileType = sourcecode.swift; path = ComposeViewController.swift; sourceTree = "<group>"; };
		CC96CCB71C7AE01700C6B0CC /* AccountViewController.swift */ = {isa = PBXFileReference; fileEncoding = 4; lastKnownFileType = sourcecode.swift; path = AccountViewController.swift; sourceTree = "<group>"; };
		CC96CCB91C7AE06100C6B0CC /* TrendingViewController.swift */ = {isa = PBXFileReference; fileEncoding = 4; lastKnownFileType = sourcecode.swift; path = TrendingViewController.swift; sourceTree = "<group>"; };
/* End PBXFileReference section */

/* Begin PBXFrameworksBuildPhase section */
		CC96CC791C7A9B8200C6B0CC /* Frameworks */ = {
			isa = PBXFrameworksBuildPhase;
			buildActionMask = 2147483647;
			files = (
			);
			runOnlyForDeploymentPostprocessing = 0;
		};
/* End PBXFrameworksBuildPhase section */

/* Begin PBXGroup section */
		CC96CC731C7A9B8200C6B0CC = {
			isa = PBXGroup;
			children = (
				CC96CC7E1C7A9B8200C6B0CC /* Tumblr */,
				CC96CC7D1C7A9B8200C6B0CC /* Products */,
			);
			sourceTree = "<group>";
		};
		CC96CC7D1C7A9B8200C6B0CC /* Products */ = {
			isa = PBXGroup;
			children = (
				CC96CC7C1C7A9B8200C6B0CC /* Tumblr.app */,
			);
			name = Products;
			sourceTree = "<group>";
		};
		CC96CC7E1C7A9B8200C6B0CC /* Tumblr */ = {
			isa = PBXGroup;
			children = (
				CC96CC7F1C7A9B8200C6B0CC /* AppDelegate.swift */,
				CC96CC811C7A9B8200C6B0CC /* ViewController.swift */,
				CC96CC831C7A9B8200C6B0CC /* Main.storyboard */,
				CC96CCB91C7AE06100C6B0CC /* TrendingViewController.swift */,
				CC96CCB71C7AE01700C6B0CC /* AccountViewController.swift */,
				CC96CCB51C7ADD2F00C6B0CC /* ComposeViewController.swift */,
				CC96CCB31C7ADCE600C6B0CC /* SearchViewController.swift */,
				CC96CCB11C7ADCBD00C6B0CC /* HomeViewController.swift */,
				CC96CCAF1C7AD76100C6B0CC /* TabBarViewController.swift */,
				CC96CC861C7A9B8200C6B0CC /* Assets.xcassets */,
				CC96CC881C7A9B8200C6B0CC /* LaunchScreen.storyboard */,
				CC96CC8B1C7A9B8200C6B0CC /* Info.plist */,
			);
			path = Tumblr;
			sourceTree = "<group>";
		};
/* End PBXGroup section */

/* Begin PBXNativeTarget section */
		CC96CC7B1C7A9B8200C6B0CC /* Tumblr */ = {
			isa = PBXNativeTarget;
			buildConfigurationList = CC96CC8E1C7A9B8200C6B0CC /* Build configuration list for PBXNativeTarget "Tumblr" */;
			buildPhases = (
				CC96CC781C7A9B8200C6B0CC /* Sources */,
				CC96CC791C7A9B8200C6B0CC /* Frameworks */,
				CC96CC7A1C7A9B8200C6B0CC /* Resources */,
			);
			buildRules = (
			);
			dependencies = (
			);
			name = Tumblr;
			productName = Tumblr;
			productReference = CC96CC7C1C7A9B8200C6B0CC /* Tumblr.app */;
			productType = "com.apple.product-type.application";
		};
/* End PBXNativeTarget section */

/* Begin PBXProject section */
		CC96CC741C7A9B8200C6B0CC /* Project object */ = {
			isa = PBXProject;
			attributes = {
				LastSwiftUpdateCheck = 0720;
				LastUpgradeCheck = 0720;
				ORGANIZATIONNAME = "Blake Hudelson";
				TargetAttributes = {
					CC96CC7B1C7A9B8200C6B0CC = {
						CreatedOnToolsVersion = 7.2.1;
						DevelopmentTeam = AY66978GEJ;
					};
				};
			};
			buildConfigurationList = CC96CC771C7A9B8200C6B0CC /* Build configuration list for PBXProject "Tumblr" */;
			compatibilityVersion = "Xcode 3.2";
			developmentRegion = English;
			hasScannedForEncodings = 0;
			knownRegions = (
				en,
				Base,
			);
			mainGroup = CC96CC731C7A9B8200C6B0CC;
			productRefGroup = CC96CC7D1C7A9B8200C6B0CC /* Products */;
			projectDirPath = "";
			projectRoot = "";
			targets = (
				CC96CC7B1C7A9B8200C6B0CC /* Tumblr */,
			);
		};
/* End PBXProject section */

/* Begin PBXResourcesBuildPhase section */
		CC96CC7A1C7A9B8200C6B0CC /* Resources */ = {
			isa = PBXResourcesBuildPhase;
			buildActionMask = 2147483647;
			files = (
				CC96CC8A1C7A9B8200C6B0CC /* LaunchScreen.storyboard in Resources */,
				CC96CC871C7A9B8200C6B0CC /* Assets.xcassets in Resources */,
				CC96CC851C7A9B8200C6B0CC /* Main.storyboard in Resources */,
			);
			runOnlyForDeploymentPostprocessing = 0;
		};
/* End PBXResourcesBuildPhase section */

/* Begin PBXSourcesBuildPhase section */
		CC96CC781C7A9B8200C6B0CC /* Sources */ = {
			isa = PBXSourcesBuildPhase;
			buildActionMask = 2147483647;
			files = (
				CC96CCB41C7ADCE600C6B0CC /* SearchViewController.swift in Sources */,
				CC96CCBA1C7AE06100C6B0CC /* TrendingViewController.swift in Sources */,
				CC96CC821C7A9B8200C6B0CC /* ViewController.swift in Sources */,
				CC96CCB81C7AE01700C6B0CC /* AccountViewController.swift in Sources */,
				CC96CCB01C7AD76100C6B0CC /* TabBarViewController.swift in Sources */,
				CC96CCB61C7ADD2F00C6B0CC /* ComposeViewController.swift in Sources */,
				CC96CC801C7A9B8200C6B0CC /* AppDelegate.swift in Sources */,
				CC96CCB21C7ADCBD00C6B0CC /* HomeViewController.swift in Sources */,
			);
			runOnlyForDeploymentPostprocessing = 0;
		};
/* End PBXSourcesBuildPhase section */

/* Begin PBXVariantGroup section */
		CC96CC831C7A9B8200C6B0CC /* Main.storyboard */ = {
			isa = PBXVariantGroup;
			children = (
				CC96CC841C7A9B8200C6B0CC /* Base */,
			);
			name = Main.storyboard;
			sourceTree = "<group>";
		};
		CC96CC881C7A9B8200C6B0CC /* LaunchScreen.storyboard */ = {
			isa = PBXVariantGroup;
			children = (
				CC96CC891C7A9B8200C6B0CC /* Base */,
			);
			name = LaunchScreen.storyboard;
			sourceTree = "<group>";
		};
/* End PBXVariantGroup section */

/* Begin XCBuildConfiguration section */
		CC96CC8C1C7A9B8200C6B0CC /* Debug */ = {
			isa = XCBuildConfiguration;
			buildSettings = {
				ALWAYS_SEARCH_USER_PATHS = NO;
				CLANG_CXX_LANGUAGE_STANDARD = "gnu++0x";
				CLANG_CXX_LIBRARY = "libc++";
				CLANG_ENABLE_MODULES = YES;
				CLANG_ENABLE_OBJC_ARC = YES;
				CLANG_WARN_BOOL_CONVERSION = YES;
				CLANG_WARN_CONSTANT_CONVERSION = YES;
				CLANG_WARN_DIRECT_OBJC_ISA_USAGE = YES_ERROR;
				CLANG_WARN_EMPTY_BODY = YES;
				CLANG_WARN_ENUM_CONVERSION = YES;
				CLANG_WARN_INT_CONVERSION = YES;
				CLANG_WARN_OBJC_ROOT_CLASS = YES_ERROR;
				CLANG_WARN_UNREACHABLE_CODE = YES;
				CLANG_WARN__DUPLICATE_METHOD_MATCH = YES;
				"CODE_SIGN_IDENTITY[sdk=iphoneos*]" = "iPhone Developer";
				COPY_PHASE_STRIP = NO;
				DEBUG_INFORMATION_FORMAT = dwarf;
				ENABLE_STRICT_OBJC_MSGSEND = YES;
				ENABLE_TESTABILITY = YES;
				GCC_C_LANGUAGE_STANDARD = gnu99;
				GCC_DYNAMIC_NO_PIC = NO;
				GCC_NO_COMMON_BLOCKS = YES;
				GCC_OPTIMIZATION_LEVEL = 0;
				GCC_PREPROCESSOR_DEFINITIONS = (
					"DEBUG=1",
					"$(inherited)",
				);
				GCC_WARN_64_TO_32_BIT_CONVERSION = YES;
				GCC_WARN_ABOUT_RETURN_TYPE = YES_ERROR;
				GCC_WARN_UNDECLARED_SELECTOR = YES;
				GCC_WARN_UNINITIALIZED_AUTOS = YES_AGGRESSIVE;
				GCC_WARN_UNUSED_FUNCTION = YES;
				GCC_WARN_UNUSED_VARIABLE = YES;
				IPHONEOS_DEPLOYMENT_TARGET = 9.2;
				MTL_ENABLE_DEBUG_INFO = YES;
				ONLY_ACTIVE_ARCH = YES;
				SDKROOT = iphoneos;
				SWIFT_OPTIMIZATION_LEVEL = "-Onone";
			};
			name = Debug;
		};
		CC96CC8D1C7A9B8200C6B0CC /* Release */ = {
			isa = XCBuildConfiguration;
			buildSettings = {
				ALWAYS_SEARCH_USER_PATHS = NO;
				CLANG_CXX_LANGUAGE_STANDARD = "gnu++0x";
				CLANG_CXX_LIBRARY = "libc++";
				CLANG_ENABLE_MODULES = YES;
				CLANG_ENABLE_OBJC_ARC = YES;
				CLANG_WARN_BOOL_CONVERSION = YES;
				CLANG_WARN_CONSTANT_CONVERSION = YES;
				CLANG_WARN_DIRECT_OBJC_ISA_USAGE = YES_ERROR;
				CLANG_WARN_EMPTY_BODY = YES;
				CLANG_WARN_ENUM_CONVERSION = YES;
				CLANG_WARN_INT_CONVERSION = YES;
				CLANG_WARN_OBJC_ROOT_CLASS = YES_ERROR;
				CLANG_WARN_UNREACHABLE_CODE = YES;
				CLANG_WARN__DUPLICATE_METHOD_MATCH = YES;
				"CODE_SIGN_IDENTITY[sdk=iphoneos*]" = "iPhone Developer";
				COPY_PHASE_STRIP = NO;
				DEBUG_INFORMATION_FORMAT = "dwarf-with-dsym";
				ENABLE_NS_ASSERTIONS = NO;
				ENABLE_STRICT_OBJC_MSGSEND = YES;
				GCC_C_LANGUAGE_STANDARD = gnu99;
				GCC_NO_COMMON_BLOCKS = YES;
				GCC_WARN_64_TO_32_BIT_CONVERSION = YES;
				GCC_WARN_ABOUT_RETURN_TYPE = YES_ERROR;
				GCC_WARN_UNDECLARED_SELECTOR = YES;
				GCC_WARN_UNINITIALIZED_AUTOS = YES_AGGRESSIVE;
				GCC_WARN_UNUSED_FUNCTION = YES;
				GCC_WARN_UNUSED_VARIABLE = YES;
				IPHONEOS_DEPLOYMENT_TARGET = 9.2;
				MTL_ENABLE_DEBUG_INFO = NO;
				SDKROOT = iphoneos;
				VALIDATE_PRODUCT = YES;
			};
			name = Release;
		};
		CC96CC8F1C7A9B8200C6B0CC /* Debug */ = {
			isa = XCBuildConfiguration;
			buildSettings = {
				ASSETCATALOG_COMPILER_APPICON_NAME = AppIcon;
				INFOPLIST_FILE = Tumblr/Info.plist;
				LD_RUNPATH_SEARCH_PATHS = "$(inherited) @executable_path/Frameworks";
				PRODUCT_BUNDLE_IDENTIFIER = com.blakehudelson.Tumblr;
				PRODUCT_NAME = "$(TARGET_NAME)";
			};
			name = Debug;
		};
		CC96CC901C7A9B8200C6B0CC /* Release */ = {
			isa = XCBuildConfiguration;
			buildSettings = {
				ASSETCATALOG_COMPILER_APPICON_NAME = AppIcon;
				INFOPLIST_FILE = Tumblr/Info.plist;
				LD_RUNPATH_SEARCH_PATHS = "$(inherited) @executable_path/Frameworks";
				PRODUCT_BUNDLE_IDENTIFIER = com.blakehudelson.Tumblr;
				PRODUCT_NAME = "$(TARGET_NAME)";
			};
			name = Release;
		};
/* End XCBuildConfiguration section */

/* Begin XCConfigurationList section */
		CC96CC771C7A9B8200C6B0CC /* Build configuration list for PBXProject "Tumblr" */ = {
			isa = XCConfigurationList;
			buildConfigurations = (
				CC96CC8C1C7A9B8200C6B0CC /* Debug */,
				CC96CC8D1C7A9B8200C6B0CC /* Release */,
			);
			defaultConfigurationIsVisible = 0;
			defaultConfigurationName = Release;
		};
		CC96CC8E1C7A9B8200C6B0CC /* Build configuration list for PBXNativeTarget "Tumblr" */ = {
			isa = XCConfigurationList;
			buildConfigurations = (
				CC96CC8F1C7A9B8200C6B0CC /* Debug */,
				CC96CC901C7A9B8200C6B0CC /* Release */,
			);
			defaultConfigurationIsVisible = 0;
		};
/* End XCConfigurationList section */
	};
	rootObject = CC96CC741C7A9B8200C6B0CC /* Project object */;
}
